
Microsoft Visual Studio Solution File, Format Version 12.00
# Visual Studio Version 16
VisualStudioVersion = 16.0.29926.136
MinimumVisualStudioVersion = 10.0.40219.1
Project("{9A19103F-16F7-4668-BE54-9A1E7A4F7556}") = "CertificateServices.Console", "CertificateServices.Console\CertificateServices.Console.csproj", "{4323DBAB-2FCB-45EA-B1DE-5DFF6603EE0C}"
EndProject
Project("{9A19103F-16F7-4668-BE54-9A1E7A4F7556}") = "CertificateServices", "CertificateServices\CertificateServices.csproj", "{F4AE7482-5099-4FE6-836C-8A4D47CF8AF6}"
EndProject
Project("{9A19103F-16F7-4668-BE54-9A1E7A4F7556}") = "CertificateServices.Tests", "CertificateServices.Tests\CertificateServices.Tests.csproj", "{A5AA1AC2-45B7-46AA-AA27-6F82961430FF}"
EndProject
Global
	GlobalSection(SolutionConfigurationPlatforms) = preSolution
		Debug|Any CPU = Debug|Any CPU
		Release|Any CPU = Release|Any CPU
	EndGlobalSection
	GlobalSection(ProjectConfigurationPlatforms) = postSolution
		{4323DBAB-2FCB-45EA-B1DE-5DFF6603EE0C}.Debug|Any CPU.ActiveCfg = Debug|Any CPU
		{4323DBAB-2FCB-45EA-B1DE-5DFF6603EE0C}.Debug|Any CPU.Build.0 = Debug|Any CPU
		{4323DBAB-2FCB-45EA-B1DE-5DFF6603EE0C}.Release|Any CPU.ActiveCfg = Release|Any CPU
		{4323DBAB-2FCB-45EA-B1DE-5DFF6603EE0C}.Release|Any CPU.Build.0 = Release|Any CPU
		{F4AE7482-5099-4FE6-836C-8A4D47CF8AF6}.Debug|Any CPU.ActiveCfg = Debug|Any CPU
		{F4AE7482-5099-4FE6-836C-8A4D47CF8AF6}.Debug|Any CPU.Build.0 = Debug|Any CPU
		{F4AE7482-5099-4FE6-836C-8A4D47CF8AF6}.Release|Any CPU.ActiveCfg = Release|Any CPU
		{F4AE7482-5099-4FE6-836C-8A4D47CF8AF6}.Release|Any CPU.Build.0 = Release|Any CPU
		{A5AA1AC2-45B7-46AA-AA27-6F82961430FF}.Debug|Any CPU.ActiveCfg = Debug|Any CPU
		{A5AA1AC2-45B7-46AA-AA27-6F82961430FF}.Debug|Any CPU.Build.0 = Debug|Any CPU
		{A5AA1AC2-45B7-46AA-AA27-6F82961430FF}.Release|Any CPU.ActiveCfg = Release|Any CPU
		{A5AA1AC2-45B7-46AA-AA27-6F82961430FF}.Release|Any CPU.Build.0 = Release|Any CPU
	EndGlobalSection
	GlobalSection(SolutionProperties) = preSolution
		HideSolutionNode = FALSE
	EndGlobalSection
	GlobalSection(ExtensibilityGlobals) = postSolution
		SolutionGuid = {0C91C632-B97B-4299-A37E-F48843EFA005}
	EndGlobalSection
EndGlobal
