
Microsoft Visual Studio Solution File, Format Version 12.00
# Visual Studio Version 16
VisualStudioVersion = 16.0.29926.136
MinimumVisualStudioVersion = 10.0.40219.1
Project("{9A19103F-16F7-4668-BE54-9A1E7A4F7556}") = "GetCertInfo", "GetCertInfo.csproj", "{540D6857-CBE0-4BA7-B64B-AA034E417801}"
EndProject
Project("{FAE04EC0-301F-11D3-BF4B-00C04F79EFBC}") = "CertificateServices", "..\CertificateServices\CertificateServices.csproj", "{75C314C3-3890-4810-B475-9F1D8B68497F}"
EndProject
Project("{FAE04EC0-301F-11D3-BF4B-00C04F79EFBC}") = "CertificateServices.Tests", "..\CertificateServices.Tests\CertificateServices.Tests.csproj", "{6D153880-BC7D-4653-8A6F-2C329CF51B6A}"
EndProject
Global
	GlobalSection(SolutionConfigurationPlatforms) = preSolution
		Debug|Any CPU = Debug|Any CPU
		Release|Any CPU = Release|Any CPU
	EndGlobalSection
	GlobalSection(ProjectConfigurationPlatforms) = postSolution
		{540D6857-CBE0-4BA7-B64B-AA034E417801}.Debug|Any CPU.ActiveCfg = Debug|Any CPU
		{540D6857-CBE0-4BA7-B64B-AA034E417801}.Debug|Any CPU.Build.0 = Debug|Any CPU
		{540D6857-CBE0-4BA7-B64B-AA034E417801}.Release|Any CPU.ActiveCfg = Release|Any CPU
		{540D6857-CBE0-4BA7-B64B-AA034E417801}.Release|Any CPU.Build.0 = Release|Any CPU
		{75C314C3-3890-4810-B475-9F1D8B68497F}.Debug|Any CPU.ActiveCfg = Debug|Any CPU
		{75C314C3-3890-4810-B475-9F1D8B68497F}.Debug|Any CPU.Build.0 = Debug|Any CPU
		{75C314C3-3890-4810-B475-9F1D8B68497F}.Release|Any CPU.ActiveCfg = Release|Any CPU
		{75C314C3-3890-4810-B475-9F1D8B68497F}.Release|Any CPU.Build.0 = Release|Any CPU
		{6D153880-BC7D-4653-8A6F-2C329CF51B6A}.Debug|Any CPU.ActiveCfg = Debug|Any CPU
		{6D153880-BC7D-4653-8A6F-2C329CF51B6A}.Debug|Any CPU.Build.0 = Debug|Any CPU
		{6D153880-BC7D-4653-8A6F-2C329CF51B6A}.Release|Any CPU.ActiveCfg = Release|Any CPU
		{6D153880-BC7D-4653-8A6F-2C329CF51B6A}.Release|Any CPU.Build.0 = Release|Any CPU
	EndGlobalSection
	GlobalSection(SolutionProperties) = preSolution
		HideSolutionNode = FALSE
	EndGlobalSection
	GlobalSection(ExtensibilityGlobals) = postSolution
		SolutionGuid = {0C91C632-B97B-4299-A37E-F48843EFA005}
	EndGlobalSection
EndGlobal
